
Microsoft Visual Studio Solution File, Format Version 12.00
# Visual Studio Version 17
VisualStudioVersion = 17.4.33403.182
MinimumVisualStudioVersion = 10.0.40219.1
Project("{FAE04EC0-301F-11D3-BF4B-00C04F79EFBC}") = "Examen_HiramMtz", "Examen_HiramMtz.csproj", "{34A4A4B3-DB03-41E4-A7A5-2183778E417D}"
EndProject
Global
	GlobalSection(SolutionConfigurationPlatforms) = preSolution
		Debug|Any CPU = Debug|Any CPU
		Release|Any CPU = Release|Any CPU
	EndGlobalSection
	GlobalSection(ProjectConfigurationPlatforms) = postSolution
		{34A4A4B3-DB03-41E4-A7A5-2183778E417D}.Debug|Any CPU.ActiveCfg = Debug|Any CPU
		{34A4A4B3-DB03-41E4-A7A5-2183778E417D}.Debug|Any CPU.Build.0 = Debug|Any CPU
		{34A4A4B3-DB03-41E4-A7A5-2183778E417D}.Release|Any CPU.ActiveCfg = Release|Any CPU
		{34A4A4B3-DB03-41E4-A7A5-2183778E417D}.Release|Any CPU.Build.0 = Release|Any CPU
	EndGlobalSection
	GlobalSection(SolutionProperties) = preSolution
		HideSolutionNode = FALSE
	EndGlobalSection
	GlobalSection(ExtensibilityGlobals) = postSolution
		SolutionGuid = {DB0A3125-89D5-40E2-92FD-8795DE296C2C}
	EndGlobalSection
EndGlobal
